
Microsoft Visual Studio Solution File, Format Version 12.00
# Visual Studio Version 16
VisualStudioVersion = 16.0.29230.47
MinimumVisualStudioVersion = 10.0.40219.1
Project("{FAE04EC0-301F-11D3-BF4B-00C04F79EFBC}") = "Практика 5", "Практика 5\Практика 5.csproj", "{2B33C096-77D5-40F2-904B-518190380E90}"
EndProject
Global
	GlobalSection(SolutionConfigurationPlatforms) = preSolution
		Debug|Any CPU = Debug|Any CPU
		Release|Any CPU = Release|Any CPU
	EndGlobalSection
	GlobalSection(ProjectConfigurationPlatforms) = postSolution
		{2B33C096-77D5-40F2-904B-518190380E90}.Debug|Any CPU.ActiveCfg = Debug|Any CPU
		{2B33C096-77D5-40F2-904B-518190380E90}.Debug|Any CPU.Build.0 = Debug|Any CPU
		{2B33C096-77D5-40F2-904B-518190380E90}.Release|Any CPU.ActiveCfg = Release|Any CPU
		{2B33C096-77D5-40F2-904B-518190380E90}.Release|Any CPU.Build.0 = Release|Any CPU
	EndGlobalSection
	GlobalSection(SolutionProperties) = preSolution
		HideSolutionNode = FALSE
	EndGlobalSection
	GlobalSection(ExtensibilityGlobals) = postSolution
		SolutionGuid = {37537D6A-6E4E-497F-9334-CDCAD2B764EC}
	EndGlobalSection
EndGlobal
